// !$*UTF8*$!
{
	archiveVersion = 1;
	classes = {
	};
	objectVersion = 55;
	objects = {

/* Begin PBXBuildFile section */
		D786BCEC2798278F004619AD /* AppDelegate.swift in Sources */ = {isa = PBXBuildFile; fileRef = D786BCEB2798278F004619AD /* AppDelegate.swift */; };
		D786BCEE2798278F004619AD /* SceneDelegate.swift in Sources */ = {isa = PBXBuildFile; fileRef = D786BCED2798278F004619AD /* SceneDelegate.swift */; };
		D786BCF527982793004619AD /* Assets.xcassets in Resources */ = {isa = PBXBuildFile; fileRef = D786BCF427982793004619AD /* Assets.xcassets */; };
		D786BCF827982793004619AD /* LaunchScreen.storyboard in Resources */ = {isa = PBXBuildFile; fileRef = D786BCF627982793004619AD /* LaunchScreen.storyboard */; };
		D786BD0327982793004619AD /* CursoiOS_Proyecto2Tests.swift in Sources */ = {isa = PBXBuildFile; fileRef = D786BD0227982793004619AD /* CursoiOS_Proyecto2Tests.swift */; };
		D786BD0D27982793004619AD /* CursoiOS_Proyecto2UITests.swift in Sources */ = {isa = PBXBuildFile; fileRef = D786BD0C27982793004619AD /* CursoiOS_Proyecto2UITests.swift */; };
		D786BD0F27982793004619AD /* CursoiOS_Proyecto2UITestsLaunchTests.swift in Sources */ = {isa = PBXBuildFile; fileRef = D786BD0E27982793004619AD /* CursoiOS_Proyecto2UITestsLaunchTests.swift */; };
		D786BD2127982A45004619AD /* FetchLandmarksUseCase.swift in Sources */ = {isa = PBXBuildFile; fileRef = D786BD2027982A45004619AD /* FetchLandmarksUseCase.swift */; };
		D786BD2427982A72004619AD /* Landmark.swift in Sources */ = {isa = PBXBuildFile; fileRef = D786BD2327982A72004619AD /* Landmark.swift */; };
		D786BD2627982AD6004619AD /* FetchLandmarksFromDiskTests.swift in Sources */ = {isa = PBXBuildFile; fileRef = D786BD2527982AD6004619AD /* FetchLandmarksFromDiskTests.swift */; };
		D786BD2927982B7E004619AD /* landmarkData.json in Resources */ = {isa = PBXBuildFile; fileRef = D786BD2827982B7E004619AD /* landmarkData.json */; };
		D786BD2C27982D07004619AD /* InitialControllerBuilder.swift in Sources */ = {isa = PBXBuildFile; fileRef = D786BD2B27982D07004619AD /* InitialControllerBuilder.swift */; };
		F511ABA72798644800057B60 /* ListViewController.storyboard in Resources */ = {isa = PBXBuildFile; fileRef = F511ABA62798644800057B60 /* ListViewController.storyboard */; };
		F511ABA9279864D500057B60 /* ListViewController.swift in Sources */ = {isa = PBXBuildFile; fileRef = F511ABA8279864D500057B60 /* ListViewController.swift */; };
		F511ABAB279869F900057B60 /* ListControllerBuilder.swift in Sources */ = {isa = PBXBuildFile; fileRef = F511ABAA279869F900057B60 /* ListControllerBuilder.swift */; };
		F511ABB52798750300057B60 /* DetailViewController.swift in Sources */ = {isa = PBXBuildFile; fileRef = F511ABB32798750300057B60 /* DetailViewController.swift */; };
		F511ABB62798750300057B60 /* DetailViewController.xib in Resources */ = {isa = PBXBuildFile; fileRef = F511ABB42798750300057B60 /* DetailViewController.xib */; };
		F511ABB8279875F900057B60 /* DetailControllerBuilder.swift in Sources */ = {isa = PBXBuildFile; fileRef = F511ABB7279875F900057B60 /* DetailControllerBuilder.swift */; };
		F511ABBB27988AF200057B60 /* CollectionViewController.storyboard in Resources */ = {isa = PBXBuildFile; fileRef = F511ABBA27988AF200057B60 /* CollectionViewController.storyboard */; };
		F511ABBD27988B0400057B60 /* CollectionViewController.swift in Sources */ = {isa = PBXBuildFile; fileRef = F511ABBC27988B0400057B60 /* CollectionViewController.swift */; };
		F511ABBF27988B8E00057B60 /* CollectionControllerBuilder.swift in Sources */ = {isa = PBXBuildFile; fileRef = F511ABBE27988B8E00057B60 /* CollectionControllerBuilder.swift */; };
/* End PBXBuildFile section */

/* Begin PBXContainerItemProxy section */
		D786BCFF27982793004619AD /* PBXContainerItemProxy */ = {
			isa = PBXContainerItemProxy;
			containerPortal = D786BCE02798278F004619AD /* Project object */;
			proxyType = 1;
			remoteGlobalIDString = D786BCE72798278F004619AD;
			remoteInfo = "CursoiOS-Proyecto2";
		};
		D786BD0927982793004619AD /* PBXContainerItemProxy */ = {
			isa = PBXContainerItemProxy;
			containerPortal = D786BCE02798278F004619AD /* Project object */;
			proxyType = 1;
			remoteGlobalIDString = D786BCE72798278F004619AD;
			remoteInfo = "CursoiOS-Proyecto2";
		};
/* End PBXContainerItemProxy section */

/* Begin PBXFileReference section */
		D786BCE82798278F004619AD /* CursoiOS-Proyecto2.app */ = {isa = PBXFileReference; explicitFileType = wrapper.application; includeInIndex = 0; path = "CursoiOS-Proyecto2.app"; sourceTree = BUILT_PRODUCTS_DIR; };
		D786BCEB2798278F004619AD /* AppDelegate.swift */ = {isa = PBXFileReference; lastKnownFileType = sourcecode.swift; path = AppDelegate.swift; sourceTree = "<group>"; };
		D786BCED2798278F004619AD /* SceneDelegate.swift */ = {isa = PBXFileReference; lastKnownFileType = sourcecode.swift; path = SceneDelegate.swift; sourceTree = "<group>"; };
		D786BCF427982793004619AD /* Assets.xcassets */ = {isa = PBXFileReference; lastKnownFileType = folder.assetcatalog; path = Assets.xcassets; sourceTree = "<group>"; };
		D786BCF727982793004619AD /* Base */ = {isa = PBXFileReference; lastKnownFileType = file.storyboard; name = Base; path = Base.lproj/LaunchScreen.storyboard; sourceTree = "<group>"; };
		D786BCF927982793004619AD /* Info.plist */ = {isa = PBXFileReference; lastKnownFileType = text.plist.xml; path = Info.plist; sourceTree = "<group>"; };
		D786BCFE27982793004619AD /* CursoiOS-Proyecto2Tests.xctest */ = {isa = PBXFileReference; explicitFileType = wrapper.cfbundle; includeInIndex = 0; path = "CursoiOS-Proyecto2Tests.xctest"; sourceTree = BUILT_PRODUCTS_DIR; };
		D786BD0227982793004619AD /* CursoiOS_Proyecto2Tests.swift */ = {isa = PBXFileReference; lastKnownFileType = sourcecode.swift; path = CursoiOS_Proyecto2Tests.swift; sourceTree = "<group>"; };
		D786BD0827982793004619AD /* CursoiOS-Proyecto2UITests.xctest */ = {isa = PBXFileReference; explicitFileType = wrapper.cfbundle; includeInIndex = 0; path = "CursoiOS-Proyecto2UITests.xctest"; sourceTree = BUILT_PRODUCTS_DIR; };
		D786BD0C27982793004619AD /* CursoiOS_Proyecto2UITests.swift */ = {isa = PBXFileReference; lastKnownFileType = sourcecode.swift; path = CursoiOS_Proyecto2UITests.swift; sourceTree = "<group>"; };
		D786BD0E27982793004619AD /* CursoiOS_Proyecto2UITestsLaunchTests.swift */ = {isa = PBXFileReference; lastKnownFileType = sourcecode.swift; path = CursoiOS_Proyecto2UITestsLaunchTests.swift; sourceTree = "<group>"; };
		D786BD2027982A45004619AD /* FetchLandmarksUseCase.swift */ = {isa = PBXFileReference; lastKnownFileType = sourcecode.swift; path = FetchLandmarksUseCase.swift; sourceTree = "<group>"; };
		D786BD2327982A72004619AD /* Landmark.swift */ = {isa = PBXFileReference; lastKnownFileType = sourcecode.swift; path = Landmark.swift; sourceTree = "<group>"; };
		D786BD2527982AD6004619AD /* FetchLandmarksFromDiskTests.swift */ = {isa = PBXFileReference; lastKnownFileType = sourcecode.swift; path = FetchLandmarksFromDiskTests.swift; sourceTree = "<group>"; };
		D786BD2827982B7E004619AD /* landmarkData.json */ = {isa = PBXFileReference; fileEncoding = 4; lastKnownFileType = text.json; path = landmarkData.json; sourceTree = "<group>"; };
		D786BD2B27982D07004619AD /* InitialControllerBuilder.swift */ = {isa = PBXFileReference; fileEncoding = 4; lastKnownFileType = sourcecode.swift; path = InitialControllerBuilder.swift; sourceTree = "<group>"; };
		F511ABA62798644800057B60 /* ListViewController.storyboard */ = {isa = PBXFileReference; lastKnownFileType = file.storyboard; path = ListViewController.storyboard; sourceTree = "<group>"; };
		F511ABA8279864D500057B60 /* ListViewController.swift */ = {isa = PBXFileReference; lastKnownFileType = sourcecode.swift; path = ListViewController.swift; sourceTree = "<group>"; };
		F511ABAA279869F900057B60 /* ListControllerBuilder.swift */ = {isa = PBXFileReference; lastKnownFileType = sourcecode.swift; path = ListControllerBuilder.swift; sourceTree = "<group>"; };
		F511ABB32798750300057B60 /* DetailViewController.swift */ = {isa = PBXFileReference; lastKnownFileType = sourcecode.swift; path = DetailViewController.swift; sourceTree = "<group>"; };
		F511ABB42798750300057B60 /* DetailViewController.xib */ = {isa = PBXFileReference; lastKnownFileType = file.xib; path = DetailViewController.xib; sourceTree = "<group>"; };
		F511ABB7279875F900057B60 /* DetailControllerBuilder.swift */ = {isa = PBXFileReference; lastKnownFileType = sourcecode.swift; path = DetailControllerBuilder.swift; sourceTree = "<group>"; };
		F511ABBA27988AF200057B60 /* CollectionViewController.storyboard */ = {isa = PBXFileReference; lastKnownFileType = file.storyboard; path = CollectionViewController.storyboard; sourceTree = "<group>"; };
		F511ABBC27988B0400057B60 /* CollectionViewController.swift */ = {isa = PBXFileReference; lastKnownFileType = sourcecode.swift; path = CollectionViewController.swift; sourceTree = "<group>"; };
		F511ABBE27988B8E00057B60 /* CollectionControllerBuilder.swift */ = {isa = PBXFileReference; lastKnownFileType = sourcecode.swift; path = CollectionControllerBuilder.swift; sourceTree = "<group>"; };
/* End PBXFileReference section */

/* Begin PBXFrameworksBuildPhase section */
		D786BCE52798278F004619AD /* Frameworks */ = {
			isa = PBXFrameworksBuildPhase;
			buildActionMask = 2147483647;
			files = (
			);
			runOnlyForDeploymentPostprocessing = 0;
		};
		D786BCFB27982793004619AD /* Frameworks */ = {
			isa = PBXFrameworksBuildPhase;
			buildActionMask = 2147483647;
			files = (
			);
			runOnlyForDeploymentPostprocessing = 0;
		};
		D786BD0527982793004619AD /* Frameworks */ = {
			isa = PBXFrameworksBuildPhase;
			buildActionMask = 2147483647;
			files = (
			);
			runOnlyForDeploymentPostprocessing = 0;
		};
/* End PBXFrameworksBuildPhase section */

/* Begin PBXGroup section */
		D786BCDF2798278F004619AD = {
			isa = PBXGroup;
			children = (
				D786BCEA2798278F004619AD /* CursoiOS-Proyecto2 */,
				D786BD0127982793004619AD /* CursoiOS-Proyecto2Tests */,
				D786BD0B27982793004619AD /* CursoiOS-Proyecto2UITests */,
				D786BCE92798278F004619AD /* Products */,
			);
			sourceTree = "<group>";
		};
		D786BCE92798278F004619AD /* Products */ = {
			isa = PBXGroup;
			children = (
				D786BCE82798278F004619AD /* CursoiOS-Proyecto2.app */,
				D786BCFE27982793004619AD /* CursoiOS-Proyecto2Tests.xctest */,
				D786BD0827982793004619AD /* CursoiOS-Proyecto2UITests.xctest */,
			);
			name = Products;
			sourceTree = "<group>";
		};
		D786BCEA2798278F004619AD /* CursoiOS-Proyecto2 */ = {
			isa = PBXGroup;
			children = (
				D786BD1B2798285A004619AD /* Sections */,
				D786BD1F27982A32004619AD /* UseCases */,
				D786BD2227982A65004619AD /* Models */,
				D786BCEB2798278F004619AD /* AppDelegate.swift */,
				D786BCED2798278F004619AD /* SceneDelegate.swift */,
				D786BCF427982793004619AD /* Assets.xcassets */,
				D786BCF627982793004619AD /* LaunchScreen.storyboard */,
				D786BCF927982793004619AD /* Info.plist */,
				D786BD2727982B56004619AD /* Supporting files */,
			);
			path = "CursoiOS-Proyecto2";
			sourceTree = "<group>";
		};
		D786BD0127982793004619AD /* CursoiOS-Proyecto2Tests */ = {
			isa = PBXGroup;
			children = (
				D786BD0227982793004619AD /* CursoiOS_Proyecto2Tests.swift */,
				D786BD2527982AD6004619AD /* FetchLandmarksFromDiskTests.swift */,
			);
			path = "CursoiOS-Proyecto2Tests";
			sourceTree = "<group>";
		};
		D786BD0B27982793004619AD /* CursoiOS-Proyecto2UITests */ = {
			isa = PBXGroup;
			children = (
				D786BD0C27982793004619AD /* CursoiOS_Proyecto2UITests.swift */,
				D786BD0E27982793004619AD /* CursoiOS_Proyecto2UITestsLaunchTests.swift */,
			);
			path = "CursoiOS-Proyecto2UITests";
			sourceTree = "<group>";
		};
		D786BD1B2798285A004619AD /* Sections */ = {
			isa = PBXGroup;
			children = (
				F511ABB927988ADA00057B60 /* Collection */,
				F511ABAC2798747900057B60 /* Detail */,
				F511ABA52798640E00057B60 /* ListController */,
				D786BD2B27982D07004619AD /* InitialControllerBuilder.swift */,
			);
			path = Sections;
			sourceTree = "<group>";
		};
		D786BD1F27982A32004619AD /* UseCases */ = {
			isa = PBXGroup;
			children = (
				D786BD2027982A45004619AD /* FetchLandmarksUseCase.swift */,
			);
			path = UseCases;
			sourceTree = "<group>";
		};
		D786BD2227982A65004619AD /* Models */ = {
			isa = PBXGroup;
			children = (
				D786BD2327982A72004619AD /* Landmark.swift */,
			);
			path = Models;
			sourceTree = "<group>";
		};
		D786BD2727982B56004619AD /* Supporting files */ = {
			isa = PBXGroup;
			children = (
				D786BD2827982B7E004619AD /* landmarkData.json */,
			);
			path = "Supporting files";
			sourceTree = "<group>";
		};
		F511ABA52798640E00057B60 /* ListController */ = {
			isa = PBXGroup;
			children = (
				F511ABA62798644800057B60 /* ListViewController.storyboard */,
				F511ABA8279864D500057B60 /* ListViewController.swift */,
				F511ABAA279869F900057B60 /* ListControllerBuilder.swift */,
			);
			path = ListController;
			sourceTree = "<group>";
		};
		F511ABAC2798747900057B60 /* Detail */ = {
			isa = PBXGroup;
			children = (
				F511ABB32798750300057B60 /* DetailViewController.swift */,
				F511ABB42798750300057B60 /* DetailViewController.xib */,
				F511ABB7279875F900057B60 /* DetailControllerBuilder.swift */,
			);
			path = Detail;
			sourceTree = "<group>";
		};
		F511ABB927988ADA00057B60 /* Collection */ = {
			isa = PBXGroup;
			children = (
				F511ABBA27988AF200057B60 /* CollectionViewController.storyboard */,
				F511ABBC27988B0400057B60 /* CollectionViewController.swift */,
				F511ABBE27988B8E00057B60 /* CollectionControllerBuilder.swift */,
			);
			path = Collection;
			sourceTree = "<group>";
		};
/* End PBXGroup section */

/* Begin PBXNativeTarget section */
		D786BCE72798278F004619AD /* CursoiOS-Proyecto2 */ = {
			isa = PBXNativeTarget;
			buildConfigurationList = D786BD1227982793004619AD /* Build configuration list for PBXNativeTarget "CursoiOS-Proyecto2" */;
			buildPhases = (
				D786BCE42798278F004619AD /* Sources */,
				D786BCE52798278F004619AD /* Frameworks */,
				D786BCE62798278F004619AD /* Resources */,
			);
			buildRules = (
			);
			dependencies = (
			);
			name = "CursoiOS-Proyecto2";
			productName = "CursoiOS-Proyecto2";
			productReference = D786BCE82798278F004619AD /* CursoiOS-Proyecto2.app */;
			productType = "com.apple.product-type.application";
		};
		D786BCFD27982793004619AD /* CursoiOS-Proyecto2Tests */ = {
			isa = PBXNativeTarget;
			buildConfigurationList = D786BD1527982793004619AD /* Build configuration list for PBXNativeTarget "CursoiOS-Proyecto2Tests" */;
			buildPhases = (
				D786BCFA27982793004619AD /* Sources */,
				D786BCFB27982793004619AD /* Frameworks */,
				D786BCFC27982793004619AD /* Resources */,
			);
			buildRules = (
			);
			dependencies = (
				D786BD0027982793004619AD /* PBXTargetDependency */,
			);
			name = "CursoiOS-Proyecto2Tests";
			productName = "CursoiOS-Proyecto2Tests";
			productReference = D786BCFE27982793004619AD /* CursoiOS-Proyecto2Tests.xctest */;
			productType = "com.apple.product-type.bundle.unit-test";
		};
		D786BD0727982793004619AD /* CursoiOS-Proyecto2UITests */ = {
			isa = PBXNativeTarget;
			buildConfigurationList = D786BD1827982793004619AD /* Build configuration list for PBXNativeTarget "CursoiOS-Proyecto2UITests" */;
			buildPhases = (
				D786BD0427982793004619AD /* Sources */,
				D786BD0527982793004619AD /* Frameworks */,
				D786BD0627982793004619AD /* Resources */,
			);
			buildRules = (
			);
			dependencies = (
				D786BD0A27982793004619AD /* PBXTargetDependency */,
			);
			name = "CursoiOS-Proyecto2UITests";
			productName = "CursoiOS-Proyecto2UITests";
			productReference = D786BD0827982793004619AD /* CursoiOS-Proyecto2UITests.xctest */;
			productType = "com.apple.product-type.bundle.ui-testing";
		};
/* End PBXNativeTarget section */

/* Begin PBXProject section */
		D786BCE02798278F004619AD /* Project object */ = {
			isa = PBXProject;
			attributes = {
				BuildIndependentTargetsInParallel = 1;
				LastSwiftUpdateCheck = 1310;
				LastUpgradeCheck = 1310;
				TargetAttributes = {
					D786BCE72798278F004619AD = {
						CreatedOnToolsVersion = 13.1;
					};
					D786BCFD27982793004619AD = {
						CreatedOnToolsVersion = 13.1;
						TestTargetID = D786BCE72798278F004619AD;
					};
					D786BD0727982793004619AD = {
						CreatedOnToolsVersion = 13.1;
						TestTargetID = D786BCE72798278F004619AD;
					};
				};
			};
			buildConfigurationList = D786BCE32798278F004619AD /* Build configuration list for PBXProject "CursoiOS-Proyecto2" */;
			compatibilityVersion = "Xcode 13.0";
			developmentRegion = en;
			hasScannedForEncodings = 0;
			knownRegions = (
				en,
				Base,
			);
			mainGroup = D786BCDF2798278F004619AD;
			productRefGroup = D786BCE92798278F004619AD /* Products */;
			projectDirPath = "";
			projectRoot = "";
			targets = (
				D786BCE72798278F004619AD /* CursoiOS-Proyecto2 */,
				D786BCFD27982793004619AD /* CursoiOS-Proyecto2Tests */,
				D786BD0727982793004619AD /* CursoiOS-Proyecto2UITests */,
			);
		};
/* End PBXProject section */

/* Begin PBXResourcesBuildPhase section */
		D786BCE62798278F004619AD /* Resources */ = {
			isa = PBXResourcesBuildPhase;
			buildActionMask = 2147483647;
			files = (
				D786BCF827982793004619AD /* LaunchScreen.storyboard in Resources */,
				D786BCF527982793004619AD /* Assets.xcassets in Resources */,
				F511ABB62798750300057B60 /* DetailViewController.xib in Resources */,
				F511ABBB27988AF200057B60 /* CollectionViewController.storyboard in Resources */,
				D786BD2927982B7E004619AD /* landmarkData.json in Resources */,
				F511ABA72798644800057B60 /* ListViewController.storyboard in Resources */,
			);
			runOnlyForDeploymentPostprocessing = 0;
		};
		D786BCFC27982793004619AD /* Resources */ = {
			isa = PBXResourcesBuildPhase;
			buildActionMask = 2147483647;
			files = (
			);
			runOnlyForDeploymentPostprocessing = 0;
		};
		D786BD0627982793004619AD /* Resources */ = {
			isa = PBXResourcesBuildPhase;
			buildActionMask = 2147483647;
			files = (
			);
			runOnlyForDeploymentPostprocessing = 0;
		};
/* End PBXResourcesBuildPhase section */

/* Begin PBXSourcesBuildPhase section */
		D786BCE42798278F004619AD /* Sources */ = {
			isa = PBXSourcesBuildPhase;
			buildActionMask = 2147483647;
			files = (
				D786BD2C27982D07004619AD /* InitialControllerBuilder.swift in Sources */,
				D786BCEC2798278F004619AD /* AppDelegate.swift in Sources */,
				F511ABAB279869F900057B60 /* ListControllerBuilder.swift in Sources */,
				F511ABA9279864D500057B60 /* ListViewController.swift in Sources */,
				F511ABBD27988B0400057B60 /* CollectionViewController.swift in Sources */,
				F511ABBF27988B8E00057B60 /* CollectionControllerBuilder.swift in Sources */,
				D786BCEE2798278F004619AD /* SceneDelegate.swift in Sources */,
				D786BD2127982A45004619AD /* FetchLandmarksUseCase.swift in Sources */,
				D786BD2427982A72004619AD /* Landmark.swift in Sources */,
				F511ABB52798750300057B60 /* DetailViewController.swift in Sources */,
				F511ABB8279875F900057B60 /* DetailControllerBuilder.swift in Sources */,
			);
			runOnlyForDeploymentPostprocessing = 0;
		};
		D786BCFA27982793004619AD /* Sources */ = {
			isa = PBXSourcesBuildPhase;
			buildActionMask = 2147483647;
			files = (
				D786BD0327982793004619AD /* CursoiOS_Proyecto2Tests.swift in Sources */,
				D786BD2627982AD6004619AD /* FetchLandmarksFromDiskTests.swift in Sources */,
			);
			runOnlyForDeploymentPostprocessing = 0;
		};
		D786BD0427982793004619AD /* Sources */ = {
			isa = PBXSourcesBuildPhase;
			buildActionMask = 2147483647;
			files = (
				D786BD0D27982793004619AD /* CursoiOS_Proyecto2UITests.swift in Sources */,
				D786BD0F27982793004619AD /* CursoiOS_Proyecto2UITestsLaunchTests.swift in Sources */,
			);
			runOnlyForDeploymentPostprocessing = 0;
		};
/* End PBXSourcesBuildPhase section */

/* Begin PBXTargetDependency section */
		D786BD0027982793004619AD /* PBXTargetDependency */ = {
			isa = PBXTargetDependency;
			target = D786BCE72798278F004619AD /* CursoiOS-Proyecto2 */;
			targetProxy = D786BCFF27982793004619AD /* PBXContainerItemProxy */;
		};
		D786BD0A27982793004619AD /* PBXTargetDependency */ = {
			isa = PBXTargetDependency;
			target = D786BCE72798278F004619AD /* CursoiOS-Proyecto2 */;
			targetProxy = D786BD0927982793004619AD /* PBXContainerItemProxy */;
		};
/* End PBXTargetDependency section */

/* Begin PBXVariantGroup section */
		D786BCF627982793004619AD /* LaunchScreen.storyboard */ = {
			isa = PBXVariantGroup;
			children = (
				D786BCF727982793004619AD /* Base */,
			);
			name = LaunchScreen.storyboard;
			sourceTree = "<group>";
		};
/* End PBXVariantGroup section */

/* Begin XCBuildConfiguration section */
		D786BD1027982793004619AD /* Debug */ = {
			isa = XCBuildConfiguration;
			buildSettings = {
				ALWAYS_SEARCH_USER_PATHS = NO;
				CLANG_ANALYZER_NONNULL = YES;
				CLANG_ANALYZER_NUMBER_OBJECT_CONVERSION = YES_AGGRESSIVE;
				CLANG_CXX_LANGUAGE_STANDARD = "gnu++17";
				CLANG_CXX_LIBRARY = "libc++";
				CLANG_ENABLE_MODULES = YES;
				CLANG_ENABLE_OBJC_ARC = YES;
				CLANG_ENABLE_OBJC_WEAK = YES;
				CLANG_WARN_BLOCK_CAPTURE_AUTORELEASING = YES;
				CLANG_WARN_BOOL_CONVERSION = YES;
				CLANG_WARN_COMMA = YES;
				CLANG_WARN_CONSTANT_CONVERSION = YES;
				CLANG_WARN_DEPRECATED_OBJC_IMPLEMENTATIONS = YES;
				CLANG_WARN_DIRECT_OBJC_ISA_USAGE = YES_ERROR;
				CLANG_WARN_DOCUMENTATION_COMMENTS = YES;
				CLANG_WARN_EMPTY_BODY = YES;
				CLANG_WARN_ENUM_CONVERSION = YES;
				CLANG_WARN_INFINITE_RECURSION = YES;
				CLANG_WARN_INT_CONVERSION = YES;
				CLANG_WARN_NON_LITERAL_NULL_CONVERSION = YES;
				CLANG_WARN_OBJC_IMPLICIT_RETAIN_SELF = YES;
				CLANG_WARN_OBJC_LITERAL_CONVERSION = YES;
				CLANG_WARN_OBJC_ROOT_CLASS = YES_ERROR;
				CLANG_WARN_QUOTED_INCLUDE_IN_FRAMEWORK_HEADER = YES;
				CLANG_WARN_RANGE_LOOP_ANALYSIS = YES;
				CLANG_WARN_STRICT_PROTOTYPES = YES;
				CLANG_WARN_SUSPICIOUS_MOVE = YES;
				CLANG_WARN_UNGUARDED_AVAILABILITY = YES_AGGRESSIVE;
				CLANG_WARN_UNREACHABLE_CODE = YES;
				CLANG_WARN__DUPLICATE_METHOD_MATCH = YES;
				COPY_PHASE_STRIP = NO;
				DEBUG_INFORMATION_FORMAT = dwarf;
				ENABLE_STRICT_OBJC_MSGSEND = YES;
				ENABLE_TESTABILITY = YES;
				GCC_C_LANGUAGE_STANDARD = gnu11;
				GCC_DYNAMIC_NO_PIC = NO;
				GCC_NO_COMMON_BLOCKS = YES;
				GCC_OPTIMIZATION_LEVEL = 0;
				GCC_PREPROCESSOR_DEFINITIONS = (
					"DEBUG=1",
					"$(inherited)",
				);
				GCC_WARN_64_TO_32_BIT_CONVERSION = YES;
				GCC_WARN_ABOUT_RETURN_TYPE = YES_ERROR;
				GCC_WARN_UNDECLARED_SELECTOR = YES;
				GCC_WARN_UNINITIALIZED_AUTOS = YES_AGGRESSIVE;
				GCC_WARN_UNUSED_FUNCTION = YES;
				GCC_WARN_UNUSED_VARIABLE = YES;
				IPHONEOS_DEPLOYMENT_TARGET = 15.0;
				MTL_ENABLE_DEBUG_INFO = INCLUDE_SOURCE;
				MTL_FAST_MATH = YES;
				ONLY_ACTIVE_ARCH = YES;
				SDKROOT = iphoneos;
				SWIFT_ACTIVE_COMPILATION_CONDITIONS = DEBUG;
				SWIFT_OPTIMIZATION_LEVEL = "-Onone";
			};
			name = Debug;
		};
		D786BD1127982793004619AD /* Release */ = {
			isa = XCBuildConfiguration;
			buildSettings = {
				ALWAYS_SEARCH_USER_PATHS = NO;
				CLANG_ANALYZER_NONNULL = YES;
				CLANG_ANALYZER_NUMBER_OBJECT_CONVERSION = YES_AGGRESSIVE;
				CLANG_CXX_LANGUAGE_STANDARD = "gnu++17";
				CLANG_CXX_LIBRARY = "libc++";
				CLANG_ENABLE_MODULES = YES;
				CLANG_ENABLE_OBJC_ARC = YES;
				CLANG_ENABLE_OBJC_WEAK = YES;
				CLANG_WARN_BLOCK_CAPTURE_AUTORELEASING = YES;
				CLANG_WARN_BOOL_CONVERSION = YES;
				CLANG_WARN_COMMA = YES;
				CLANG_WARN_CONSTANT_CONVERSION = YES;
				CLANG_WARN_DEPRECATED_OBJC_IMPLEMENTATIONS = YES;
				CLANG_WARN_DIRECT_OBJC_ISA_USAGE = YES_ERROR;
				CLANG_WARN_DOCUMENTATION_COMMENTS = YES;
				CLANG_WARN_EMPTY_BODY = YES;
				CLANG_WARN_ENUM_CONVERSION = YES;
				CLANG_WARN_INFINITE_RECURSION = YES;
				CLANG_WARN_INT_CONVERSION = YES;
				CLANG_WARN_NON_LITERAL_NULL_CONVERSION = YES;
				CLANG_WARN_OBJC_IMPLICIT_RETAIN_SELF = YES;
				CLANG_WARN_OBJC_LITERAL_CONVERSION = YES;
				CLANG_WARN_OBJC_ROOT_CLASS = YES_ERROR;
				CLANG_WARN_QUOTED_INCLUDE_IN_FRAMEWORK_HEADER = YES;
				CLANG_WARN_RANGE_LOOP_ANALYSIS = YES;
				CLANG_WARN_STRICT_PROTOTYPES = YES;
				CLANG_WARN_SUSPICIOUS_MOVE = YES;
				CLANG_WARN_UNGUARDED_AVAILABILITY = YES_AGGRESSIVE;
				CLANG_WARN_UNREACHABLE_CODE = YES;
				CLANG_WARN__DUPLICATE_METHOD_MATCH = YES;
				COPY_PHASE_STRIP = NO;
				DEBUG_INFORMATION_FORMAT = "dwarf-with-dsym";
				ENABLE_NS_ASSERTIONS = NO;
				ENABLE_STRICT_OBJC_MSGSEND = YES;
				GCC_C_LANGUAGE_STANDARD = gnu11;
				GCC_NO_COMMON_BLOCKS = YES;
				GCC_WARN_64_TO_32_BIT_CONVERSION = YES;
				GCC_WARN_ABOUT_RETURN_TYPE = YES_ERROR;
				GCC_WARN_UNDECLARED_SELECTOR = YES;
				GCC_WARN_UNINITIALIZED_AUTOS = YES_AGGRESSIVE;
				GCC_WARN_UNUSED_FUNCTION = YES;
				GCC_WARN_UNUSED_VARIABLE = YES;
				IPHONEOS_DEPLOYMENT_TARGET = 15.0;
				MTL_ENABLE_DEBUG_INFO = NO;
				MTL_FAST_MATH = YES;
				SDKROOT = iphoneos;
				SWIFT_COMPILATION_MODE = wholemodule;
				SWIFT_OPTIMIZATION_LEVEL = "-O";
				VALIDATE_PRODUCT = YES;
			};
			name = Release;
		};
		D786BD1327982793004619AD /* Debug */ = {
			isa = XCBuildConfiguration;
			buildSettings = {
				ASSETCATALOG_COMPILER_APPICON_NAME = AppIcon;
				ASSETCATALOG_COMPILER_GLOBAL_ACCENT_COLOR_NAME = AccentColor;
				CODE_SIGN_STYLE = Automatic;
				CURRENT_PROJECT_VERSION = 1;
				DEVELOPMENT_TEAM = HWZQ56V2B3;
				GENERATE_INFOPLIST_FILE = YES;
				INFOPLIST_FILE = "CursoiOS-Proyecto2/Info.plist";
				INFOPLIST_KEY_UIApplicationSupportsIndirectInputEvents = YES;
				INFOPLIST_KEY_UILaunchStoryboardName = LaunchScreen;
				INFOPLIST_KEY_UISupportedInterfaceOrientations_iPad = "UIInterfaceOrientationPortrait UIInterfaceOrientationPortraitUpsideDown UIInterfaceOrientationLandscapeLeft UIInterfaceOrientationLandscapeRight";
				INFOPLIST_KEY_UISupportedInterfaceOrientations_iPhone = "UIInterfaceOrientationPortrait UIInterfaceOrientationLandscapeLeft UIInterfaceOrientationLandscapeRight";
				LD_RUNPATH_SEARCH_PATHS = (
					"$(inherited)",
					"@executable_path/Frameworks",
				);
				MARKETING_VERSION = 1.0;
				PRODUCT_BUNDLE_IDENTIFIER = "com.atsistemas.CursoiOS-Proyecto2";
				PRODUCT_NAME = "$(TARGET_NAME)";
				SWIFT_EMIT_LOC_STRINGS = YES;
				SWIFT_VERSION = 5.0;
				TARGETED_DEVICE_FAMILY = "1,2";
			};
			name = Debug;
		};
		D786BD1427982793004619AD /* Release */ = {
			isa = XCBuildConfiguration;
			buildSettings = {
				ASSETCATALOG_COMPILER_APPICON_NAME = AppIcon;
				ASSETCATALOG_COMPILER_GLOBAL_ACCENT_COLOR_NAME = AccentColor;
				CODE_SIGN_STYLE = Automatic;
				CURRENT_PROJECT_VERSION = 1;
				DEVELOPMENT_TEAM = HWZQ56V2B3;
				GENERATE_INFOPLIST_FILE = YES;
				INFOPLIST_FILE = "CursoiOS-Proyecto2/Info.plist";
				INFOPLIST_KEY_UIApplicationSupportsIndirectInputEvents = YES;
				INFOPLIST_KEY_UILaunchStoryboardName = LaunchScreen;
				INFOPLIST_KEY_UISupportedInterfaceOrientations_iPad = "UIInterfaceOrientationPortrait UIInterfaceOrientationPortraitUpsideDown UIInterfaceOrientationLandscapeLeft UIInterfaceOrientationLandscapeRight";
				INFOPLIST_KEY_UISupportedInterfaceOrientations_iPhone = "UIInterfaceOrientationPortrait UIInterfaceOrientationLandscapeLeft UIInterfaceOrientationLandscapeRight";
				LD_RUNPATH_SEARCH_PATHS = (
					"$(inherited)",
					"@executable_path/Frameworks",
				);
				MARKETING_VERSION = 1.0;
				PRODUCT_BUNDLE_IDENTIFIER = "com.atsistemas.CursoiOS-Proyecto2";
				PRODUCT_NAME = "$(TARGET_NAME)";
				SWIFT_EMIT_LOC_STRINGS = YES;
				SWIFT_VERSION = 5.0;
				TARGETED_DEVICE_FAMILY = "1,2";
			};
			name = Release;
		};
		D786BD1627982793004619AD /* Debug */ = {
			isa = XCBuildConfiguration;
			buildSettings = {
				ALWAYS_EMBED_SWIFT_STANDARD_LIBRARIES = YES;
				BUNDLE_LOADER = "$(TEST_HOST)";
				CODE_SIGN_STYLE = Automatic;
				CURRENT_PROJECT_VERSION = 1;
				DEVELOPMENT_TEAM = HWZQ56V2B3;
				GENERATE_INFOPLIST_FILE = YES;
				IPHONEOS_DEPLOYMENT_TARGET = 15.0;
				LD_RUNPATH_SEARCH_PATHS = (
					"$(inherited)",
					"@executable_path/Frameworks",
					"@loader_path/Frameworks",
				);
				MARKETING_VERSION = 1.0;
				PRODUCT_BUNDLE_IDENTIFIER = "com.atsistemas.CursoiOS-Proyecto2Tests";
				PRODUCT_NAME = "$(TARGET_NAME)";
				SWIFT_EMIT_LOC_STRINGS = NO;
				SWIFT_VERSION = 5.0;
				TARGETED_DEVICE_FAMILY = "1,2";
				TEST_HOST = "$(BUILT_PRODUCTS_DIR)/CursoiOS-Proyecto2.app/CursoiOS-Proyecto2";
			};
			name = Debug;
		};
		D786BD1727982793004619AD /* Release */ = {
			isa = XCBuildConfiguration;
			buildSettings = {
				ALWAYS_EMBED_SWIFT_STANDARD_LIBRARIES = YES;
				BUNDLE_LOADER = "$(TEST_HOST)";
				CODE_SIGN_STYLE = Automatic;
				CURRENT_PROJECT_VERSION = 1;
				DEVELOPMENT_TEAM = HWZQ56V2B3;
				GENERATE_INFOPLIST_FILE = YES;
				IPHONEOS_DEPLOYMENT_TARGET = 15.0;
				LD_RUNPATH_SEARCH_PATHS = (
					"$(inherited)",
					"@executable_path/Frameworks",
					"@loader_path/Frameworks",
				);
				MARKETING_VERSION = 1.0;
				PRODUCT_BUNDLE_IDENTIFIER = "com.atsistemas.CursoiOS-Proyecto2Tests";
				PRODUCT_NAME = "$(TARGET_NAME)";
				SWIFT_EMIT_LOC_STRINGS = NO;
				SWIFT_VERSION = 5.0;
				TARGETED_DEVICE_FAMILY = "1,2";
				TEST_HOST = "$(BUILT_PRODUCTS_DIR)/CursoiOS-Proyecto2.app/CursoiOS-Proyecto2";
			};
			name = Release;
		};
		D786BD1927982793004619AD /* Debug */ = {
			isa = XCBuildConfiguration;
			buildSettings = {
				ALWAYS_EMBED_SWIFT_STANDARD_LIBRARIES = YES;
				CODE_SIGN_STYLE = Automatic;
				CURRENT_PROJECT_VERSION = 1;
				DEVELOPMENT_TEAM = HWZQ56V2B3;
				GENERATE_INFOPLIST_FILE = YES;
				LD_RUNPATH_SEARCH_PATHS = (
					"$(inherited)",
					"@executable_path/Frameworks",
					"@loader_path/Frameworks",
				);
				MARKETING_VERSION = 1.0;
				PRODUCT_BUNDLE_IDENTIFIER = "com.atsistemas.CursoiOS-Proyecto2UITests";
				PRODUCT_NAME = "$(TARGET_NAME)";
				SWIFT_EMIT_LOC_STRINGS = NO;
				SWIFT_VERSION = 5.0;
				TARGETED_DEVICE_FAMILY = "1,2";
				TEST_TARGET_NAME = "CursoiOS-Proyecto2";
			};
			name = Debug;
		};
		D786BD1A27982793004619AD /* Release */ = {
			isa = XCBuildConfiguration;
			buildSettings = {
				ALWAYS_EMBED_SWIFT_STANDARD_LIBRARIES = YES;
				CODE_SIGN_STYLE = Automatic;
				CURRENT_PROJECT_VERSION = 1;
				DEVELOPMENT_TEAM = HWZQ56V2B3;
				GENERATE_INFOPLIST_FILE = YES;
				LD_RUNPATH_SEARCH_PATHS = (
					"$(inherited)",
					"@executable_path/Frameworks",
					"@loader_path/Frameworks",
				);
				MARKETING_VERSION = 1.0;
				PRODUCT_BUNDLE_IDENTIFIER = "com.atsistemas.CursoiOS-Proyecto2UITests";
				PRODUCT_NAME = "$(TARGET_NAME)";
				SWIFT_EMIT_LOC_STRINGS = NO;
				SWIFT_VERSION = 5.0;
				TARGETED_DEVICE_FAMILY = "1,2";
				TEST_TARGET_NAME = "CursoiOS-Proyecto2";
			};
			name = Release;
		};
/* End XCBuildConfiguration section */

/* Begin XCConfigurationList section */
		D786BCE32798278F004619AD /* Build configuration list for PBXProject "CursoiOS-Proyecto2" */ = {
			isa = XCConfigurationList;
			buildConfigurations = (
				D786BD1027982793004619AD /* Debug */,
				D786BD1127982793004619AD /* Release */,
			);
			defaultConfigurationIsVisible = 0;
			defaultConfigurationName = Release;
		};
		D786BD1227982793004619AD /* Build configuration list for PBXNativeTarget "CursoiOS-Proyecto2" */ = {
			isa = XCConfigurationList;
			buildConfigurations = (
				D786BD1327982793004619AD /* Debug */,
				D786BD1427982793004619AD /* Release */,
			);
			defaultConfigurationIsVisible = 0;
			defaultConfigurationName = Release;
		};
		D786BD1527982793004619AD /* Build configuration list for PBXNativeTarget "CursoiOS-Proyecto2Tests" */ = {
			isa = XCConfigurationList;
			buildConfigurations = (
				D786BD1627982793004619AD /* Debug */,
				D786BD1727982793004619AD /* Release */,
			);
			defaultConfigurationIsVisible = 0;
			defaultConfigurationName = Release;
		};
		D786BD1827982793004619AD /* Build configuration list for PBXNativeTarget "CursoiOS-Proyecto2UITests" */ = {
			isa = XCConfigurationList;
			buildConfigurations = (
				D786BD1927982793004619AD /* Debug */,
				D786BD1A27982793004619AD /* Release */,
			);
			defaultConfigurationIsVisible = 0;
			defaultConfigurationName = Release;
		};
/* End XCConfigurationList section */
	};
	rootObject = D786BCE02798278F004619AD /* Project object */;
}
